
Microsoft Visual Studio Solution File, Format Version 12.00
# Visual Studio Version 17
VisualStudioVersion = 17.9.34526.213
MinimumVisualStudioVersion = 10.0.40219.1
Project("{9A19103F-16F7-4668-BE54-9A1E7A4F7556}") = "Biblical Timeline", "Biblical Timeline\Biblical Timeline.csproj", "{7878C4EB-DE11-4CB8-9FF9-98BC84EEC0DF}"
EndProject
Global
	GlobalSection(SolutionConfigurationPlatforms) = preSolution
		Debug|Any CPU = Debug|Any CPU
		Release|Any CPU = Release|Any CPU
	EndGlobalSection
	GlobalSection(ProjectConfigurationPlatforms) = postSolution
		{7878C4EB-DE11-4CB8-9FF9-98BC84EEC0DF}.Debug|Any CPU.ActiveCfg = Debug|Any CPU
		{7878C4EB-DE11-4CB8-9FF9-98BC84EEC0DF}.Debug|Any CPU.Build.0 = Debug|Any CPU
		{7878C4EB-DE11-4CB8-9FF9-98BC84EEC0DF}.Release|Any CPU.ActiveCfg = Release|Any CPU
		{7878C4EB-DE11-4CB8-9FF9-98BC84EEC0DF}.Release|Any CPU.Build.0 = Release|Any CPU
	EndGlobalSection
	GlobalSection(SolutionProperties) = preSolution
		HideSolutionNode = FALSE
	EndGlobalSection
	GlobalSection(ExtensibilityGlobals) = postSolution
		SolutionGuid = {811209B3-BF96-42BD-B304-B0AA284FC3F4}
	EndGlobalSection
EndGlobal
